
Microsoft Visual Studio Solution File, Format Version 12.00
# Visual Studio Version 17
VisualStudioVersion = 17.9.34616.47
MinimumVisualStudioVersion = 10.0.40219.1
Project("{9A19103F-16F7-4668-BE54-9A1E7A4F7556}") = "Srt to Doc Converter", "Srt to Doc Converter.csproj", "{AD930F0F-83C0-4377-B9B3-9EF4FDFAE7F6}"
EndProject
Global
	GlobalSection(SolutionConfigurationPlatforms) = preSolution
		Debug|Any CPU = Debug|Any CPU
		Release|Any CPU = Release|Any CPU
	EndGlobalSection
	GlobalSection(ProjectConfigurationPlatforms) = postSolution
		{AD930F0F-83C0-4377-B9B3-9EF4FDFAE7F6}.Debug|Any CPU.ActiveCfg = Debug|Any CPU
		{AD930F0F-83C0-4377-B9B3-9EF4FDFAE7F6}.Debug|Any CPU.Build.0 = Debug|Any CPU
		{AD930F0F-83C0-4377-B9B3-9EF4FDFAE7F6}.Release|Any CPU.ActiveCfg = Release|Any CPU
		{AD930F0F-83C0-4377-B9B3-9EF4FDFAE7F6}.Release|Any CPU.Build.0 = Release|Any CPU
	EndGlobalSection
	GlobalSection(SolutionProperties) = preSolution
		HideSolutionNode = FALSE
	EndGlobalSection
	GlobalSection(ExtensibilityGlobals) = postSolution
		SolutionGuid = {A18DF938-6674-48CA-8F44-5EBC21CFD19B}
	EndGlobalSection
EndGlobal
